
Microsoft Visual Studio Solution File, Format Version 12.00
Project("{FAE04EC0-301F-11D3-BF4B-00C04F79EFBC}") = "Application", "Application\Application.csproj", "{CC9125E5-6BF7-416D-A378-498277102EB2}"
EndProject
Project("{FAE04EC0-301F-11D3-BF4B-00C04F79EFBC}") = "Gmurman", "Gmurman\Gmurman.csproj", "{EAC1DDF3-0C19-4273-9DDB-20CFA57AE95C}"
EndProject
Project("{FAE04EC0-301F-11D3-BF4B-00C04F79EFBC}") = "Task2", "Task2\Task2.csproj", "{3C761C87-12C0-478B-9D97-93D6141C35F7}"
EndProject
Project("{FAE04EC0-301F-11D3-BF4B-00C04F79EFBC}") = "Task3", "Task3\Task3.csproj", "{DD37BD8A-B578-4C36-BD60-F7B2A7070D8C}"
EndProject
Project("{FAE04EC0-301F-11D3-BF4B-00C04F79EFBC}") = "Task4", "Task4\Task4.csproj", "{5B81D2D0-CDC0-4FC9-9BEA-68EC022EBB81}"
EndProject
Global
	GlobalSection(SolutionConfigurationPlatforms) = preSolution
		Debug|Any CPU = Debug|Any CPU
		Release|Any CPU = Release|Any CPU
	EndGlobalSection
	GlobalSection(ProjectConfigurationPlatforms) = postSolution
		{CC9125E5-6BF7-416D-A378-498277102EB2}.Debug|Any CPU.ActiveCfg = Debug|Any CPU
		{CC9125E5-6BF7-416D-A378-498277102EB2}.Debug|Any CPU.Build.0 = Debug|Any CPU
		{CC9125E5-6BF7-416D-A378-498277102EB2}.Release|Any CPU.ActiveCfg = Release|Any CPU
		{CC9125E5-6BF7-416D-A378-498277102EB2}.Release|Any CPU.Build.0 = Release|Any CPU
		{EAC1DDF3-0C19-4273-9DDB-20CFA57AE95C}.Debug|Any CPU.ActiveCfg = Debug|Any CPU
		{EAC1DDF3-0C19-4273-9DDB-20CFA57AE95C}.Debug|Any CPU.Build.0 = Debug|Any CPU
		{EAC1DDF3-0C19-4273-9DDB-20CFA57AE95C}.Release|Any CPU.ActiveCfg = Release|Any CPU
		{EAC1DDF3-0C19-4273-9DDB-20CFA57AE95C}.Release|Any CPU.Build.0 = Release|Any CPU
		{3C761C87-12C0-478B-9D97-93D6141C35F7}.Debug|Any CPU.ActiveCfg = Debug|Any CPU
		{3C761C87-12C0-478B-9D97-93D6141C35F7}.Debug|Any CPU.Build.0 = Debug|Any CPU
		{3C761C87-12C0-478B-9D97-93D6141C35F7}.Release|Any CPU.ActiveCfg = Release|Any CPU
		{3C761C87-12C0-478B-9D97-93D6141C35F7}.Release|Any CPU.Build.0 = Release|Any CPU
		{DD37BD8A-B578-4C36-BD60-F7B2A7070D8C}.Debug|Any CPU.ActiveCfg = Debug|Any CPU
		{DD37BD8A-B578-4C36-BD60-F7B2A7070D8C}.Debug|Any CPU.Build.0 = Debug|Any CPU
		{DD37BD8A-B578-4C36-BD60-F7B2A7070D8C}.Release|Any CPU.ActiveCfg = Release|Any CPU
		{DD37BD8A-B578-4C36-BD60-F7B2A7070D8C}.Release|Any CPU.Build.0 = Release|Any CPU
		{5B81D2D0-CDC0-4FC9-9BEA-68EC022EBB81}.Debug|Any CPU.ActiveCfg = Debug|Any CPU
		{5B81D2D0-CDC0-4FC9-9BEA-68EC022EBB81}.Debug|Any CPU.Build.0 = Debug|Any CPU
		{5B81D2D0-CDC0-4FC9-9BEA-68EC022EBB81}.Release|Any CPU.ActiveCfg = Release|Any CPU
		{5B81D2D0-CDC0-4FC9-9BEA-68EC022EBB81}.Release|Any CPU.Build.0 = Release|Any CPU
	EndGlobalSection
EndGlobal
